
Microsoft Visual Studio Solution File, Format Version 12.00
# Visual Studio Version 17
VisualStudioVersion = 17.13.35825.156 d17.13
MinimumVisualStudioVersion = 10.0.40219.1
Project("{FAE04EC0-301F-11D3-BF4B-00C04F79EFBC}") = "get_actor_hash", "get_actor_hash.csproj", "{EC380616-9C1C-4E8B-9046-800CD878E4A8}"
EndProject
Global
	GlobalSection(SolutionConfigurationPlatforms) = preSolution
		Debug|Any CPU = Debug|Any CPU
		Release|Any CPU = Release|Any CPU
	EndGlobalSection
	GlobalSection(ProjectConfigurationPlatforms) = postSolution
		{EC380616-9C1C-4E8B-9046-800CD878E4A8}.Debug|Any CPU.ActiveCfg = Debug|Any CPU
		{EC380616-9C1C-4E8B-9046-800CD878E4A8}.Debug|Any CPU.Build.0 = Debug|Any CPU
		{EC380616-9C1C-4E8B-9046-800CD878E4A8}.Release|Any CPU.ActiveCfg = Release|Any CPU
		{EC380616-9C1C-4E8B-9046-800CD878E4A8}.Release|Any CPU.Build.0 = Release|Any CPU
	EndGlobalSection
	GlobalSection(SolutionProperties) = preSolution
		HideSolutionNode = FALSE
	EndGlobalSection
	GlobalSection(ExtensibilityGlobals) = postSolution
		SolutionGuid = {F42CC475-5629-4BAE-83C7-4035446C5BDB}
	EndGlobalSection
EndGlobal
